Microsoft Visual Studio Solution File, Format Version 12.00
# Visual Studio 15
VisualStudioVersion = 15.0.27004.2006
MinimumVisualStudioVersion = 15.0.26124.0
Project("{2150E333-8FDC-42A3-9474-1A3956D46DE8}") = "src", "src", "{910619FD-EAC9-4179-94D6-D41A4A5E1534}"
EndProject
Project("{9A19103F-16F7-4668-BE54-9A1E7A4F7556}") = "Cubo.Api", "src\Cubo.Api\Cubo.Api.csproj", "{4BCE1163-0BE1-4317-915A-89B457CAF96B}"
EndProject
Project("{9A19103F-16F7-4668-BE54-9A1E7A4F7556}") = "Cubo.Core", "src\Cubo.Core\Cubo.Core.csproj", "{6B4B6128-EB8E-4184-A3F9-30D7060258F3}"
EndProject
Global
	GlobalSection(SolutionConfigurationPlatforms) = preSolution
		Debug|Any CPU = Debug|Any CPU
		Debug|x64 = Debug|x64
		Debug|x86 = Debug|x86
		Release|Any CPU = Release|Any CPU
		Release|x64 = Release|x64
		Release|x86 = Release|x86
	EndGlobalSection
	GlobalSection(ProjectConfigurationPlatforms) = postSolution
		{4BCE1163-0BE1-4317-915A-89B457CAF96B}.Debug|Any CPU.ActiveCfg = Debug|Any CPU
		{4BCE1163-0BE1-4317-915A-89B457CAF96B}.Debug|Any CPU.Build.0 = Debug|Any CPU
		{4BCE1163-0BE1-4317-915A-89B457CAF96B}.Debug|x64.ActiveCfg = Debug|Any CPU
		{4BCE1163-0BE1-4317-915A-89B457CAF96B}.Debug|x64.Build.0 = Debug|Any CPU
		{4BCE1163-0BE1-4317-915A-89B457CAF96B}.Debug|x86.ActiveCfg = Debug|Any CPU
		{4BCE1163-0BE1-4317-915A-89B457CAF96B}.Debug|x86.Build.0 = Debug|Any CPU
		{4BCE1163-0BE1-4317-915A-89B457CAF96B}.Release|Any CPU.ActiveCfg = Release|Any CPU
		{4BCE1163-0BE1-4317-915A-89B457CAF96B}.Release|Any CPU.Build.0 = Release|Any CPU
		{4BCE1163-0BE1-4317-915A-89B457CAF96B}.Release|x64.ActiveCfg = Release|Any CPU
		{4BCE1163-0BE1-4317-915A-89B457CAF96B}.Release|x64.Build.0 = Release|Any CPU
		{4BCE1163-0BE1-4317-915A-89B457CAF96B}.Release|x86.ActiveCfg = Release|Any CPU
		{4BCE1163-0BE1-4317-915A-89B457CAF96B}.Release|x86.Build.0 = Release|Any CPU
		{6B4B6128-EB8E-4184-A3F9-30D7060258F3}.Debug|Any CPU.ActiveCfg = Debug|Any CPU
		{6B4B6128-EB8E-4184-A3F9-30D7060258F3}.Debug|Any CPU.Build.0 = Debug|Any CPU
		{6B4B6128-EB8E-4184-A3F9-30D7060258F3}.Debug|x64.ActiveCfg = Debug|Any CPU
		{6B4B6128-EB8E-4184-A3F9-30D7060258F3}.Debug|x64.Build.0 = Debug|Any CPU
		{6B4B6128-EB8E-4184-A3F9-30D7060258F3}.Debug|x86.ActiveCfg = Debug|Any CPU
		{6B4B6128-EB8E-4184-A3F9-30D7060258F3}.Debug|x86.Build.0 = Debug|Any CPU
		{6B4B6128-EB8E-4184-A3F9-30D7060258F3}.Release|Any CPU.ActiveCfg = Release|Any CPU
		{6B4B6128-EB8E-4184-A3F9-30D7060258F3}.Release|Any CPU.Build.0 = Release|Any CPU
		{6B4B6128-EB8E-4184-A3F9-30D7060258F3}.Release|x64.ActiveCfg = Release|Any CPU
		{6B4B6128-EB8E-4184-A3F9-30D7060258F3}.Release|x64.Build.0 = Release|Any CPU
		{6B4B6128-EB8E-4184-A3F9-30D7060258F3}.Release|x86.ActiveCfg = Release|Any CPU
		{6B4B6128-EB8E-4184-A3F9-30D7060258F3}.Release|x86.Build.0 = Release|Any CPU
	EndGlobalSection
	GlobalSection(SolutionProperties) = preSolution
		HideSolutionNode = FALSE
	EndGlobalSection
	GlobalSection(NestedProjects) = preSolution
		{4BCE1163-0BE1-4317-915A-89B457CAF96B} = {910619FD-EAC9-4179-94D6-D41A4A5E1534}
		{6B4B6128-EB8E-4184-A3F9-30D7060258F3} = {910619FD-EAC9-4179-94D6-D41A4A5E1534}
	EndGlobalSection
	GlobalSection(ExtensibilityGlobals) = postSolution
		SolutionGuid = {1AED4FFE-5D28-4096-8C2B-CC0907044101}
	EndGlobalSection
EndGlobal
